
Microsoft Visual Studio Solution File, Format Version 12.00
Project("{FAE04EC0-301F-11D3-BF4B-00C04F79EFBC}") = "ReOrderlyWeb", "ReOrderlyWeb\ReOrderlyWeb.csproj", "{B973351B-3AB5-41C6-9FD6-D1D24782539D}"
EndProject
Project("{FAE04EC0-301F-11D3-BF4B-00C04F79EFBC}") = "ReOrderlyWeb.SQL.Data", "ReOrderlyWeb.SQL.Data\ReOrderlyWeb.SQL.Data.csproj", "{E6EC0ED9-9BC7-4AC4-8257-BD5FFA03C8DA}"
EndProject
Global
	GlobalSection(SolutionConfigurationPlatforms) = preSolution
		Debug|Any CPU = Debug|Any CPU
		Release|Any CPU = Release|Any CPU
	EndGlobalSection
	GlobalSection(ProjectConfigurationPlatforms) = postSolution
		{B973351B-3AB5-41C6-9FD6-D1D24782539D}.Debug|Any CPU.ActiveCfg = Debug|Any CPU
		{B973351B-3AB5-41C6-9FD6-D1D24782539D}.Debug|Any CPU.Build.0 = Debug|Any CPU
		{B973351B-3AB5-41C6-9FD6-D1D24782539D}.Release|Any CPU.ActiveCfg = Release|Any CPU
		{B973351B-3AB5-41C6-9FD6-D1D24782539D}.Release|Any CPU.Build.0 = Release|Any CPU
		{E6EC0ED9-9BC7-4AC4-8257-BD5FFA03C8DA}.Debug|Any CPU.ActiveCfg = Debug|Any CPU
		{E6EC0ED9-9BC7-4AC4-8257-BD5FFA03C8DA}.Debug|Any CPU.Build.0 = Debug|Any CPU
		{E6EC0ED9-9BC7-4AC4-8257-BD5FFA03C8DA}.Release|Any CPU.ActiveCfg = Release|Any CPU
		{E6EC0ED9-9BC7-4AC4-8257-BD5FFA03C8DA}.Release|Any CPU.Build.0 = Release|Any CPU
	EndGlobalSection
EndGlobal
